// !$*UTF8*$!
{
	archiveVersion = 1;
	classes = {
	};
	objectVersion = 56;
	objects = {

/* Begin PBXBuildFile section */
		0631991FF177882C625A7FF3 /* Pods_EnglishLearningApp.framework in Frameworks */ = {isa = PBXBuildFile; fileRef = 775B5D85A8A27F1AEFEF11F9 /* Pods_EnglishLearningApp.framework */; };
		A1B2C3D4E5F6789012345678 /* EnglishLearningAppApp.swift in Sources */ = {isa = PBXBuildFile; fileRef = B2C3D4E5F6789012345678A1 /* EnglishLearningAppApp.swift */; };
		A1B2C3D4E5F6789012345679 /* ContentView.swift in Sources */ = {isa = PBXBuildFile; fileRef = B2C3D4E5F6789012345678A2 /* ContentView.swift */; };
		A1B2C3D4E5F678901234567A /* User.swift in Sources */ = {isa = PBXBuildFile; fileRef = B2C3D4E5F6789012345678A3 /* User.swift */; };
		A1B2C3D4E5F678901234567B /* Lesson.swift in Sources */ = {isa = PBXBuildFile; fileRef = B2C3D4E5F6789012345678A4 /* Lesson.swift */; };
		A1B2C3D4E5F678901234567C /* Subscription.swift in Sources */ = {isa = PBXBuildFile; fileRef = B2C3D4E5F6789012345678A5 /* Subscription.swift */; };
		A1B2C3D4E5F678901234567D /* AuthViewModel.swift in Sources */ = {isa = PBXBuildFile; fileRef = B2C3D4E5F6789012345678A6 /* AuthViewModel.swift */; };
		A1B2C3D4E5F678901234567E /* UserProgressManager.swift in Sources */ = {isa = PBXBuildFile; fileRef = B2C3D4E5F6789012345678A7 /* UserProgressManager.swift */; };
		A1B2C3D4E5F678901234567F /* SubscriptionManager.swift in Sources */ = {isa = PBXBuildFile; fileRef = B2C3D4E5F6789012345678A8 /* SubscriptionManager.swift */; };
		A1B2C3D4E5F6789012345680 /* LessonDataService.swift in Sources */ = {isa = PBXBuildFile; fileRef = B2C3D4E5F6789012345678A9 /* LessonDataService.swift */; };
		A1B2C3D4E5F6789012345681 /* WelcomeView.swift in Sources */ = {isa = PBXBuildFile; fileRef = B2C3D4E5F6789012345678AA /* WelcomeView.swift */; };
		A1B2C3D4E5F6789012345682 /* LoginView.swift in Sources */ = {isa = PBXBuildFile; fileRef = B2C3D4E5F6789012345678AB /* LoginView.swift */; };
		A1B2C3D4E5F6789012345683 /* RegisterView.swift in Sources */ = {isa = PBXBuildFile; fileRef = B2C3D4E5F6789012345678AC /* RegisterView.swift */; };
		A1B2C3D4E5F6789012345684 /* MainTabView.swift in Sources */ = {isa = PBXBuildFile; fileRef = B2C3D4E5F6789012345678AD /* MainTabView.swift */; };
		A1B2C3D4E5F6789012345685 /* HomeView.swift in Sources */ = {isa = PBXBuildFile; fileRef = B2C3D4E5F6789012345678AE /* HomeView.swift */; };
		A1B2C3D4E5F6789012345686 /* LessonView.swift in Sources */ = {isa = PBXBuildFile; fileRef = B2C3D4E5F6789012345678AF /* LessonView.swift */; };
		A1B2C3D4E5F6789012345687 /* PaywallView.swift in Sources */ = {isa = PBXBuildFile; fileRef = B2C3D4E5F6789012345678B0 /* PaywallView.swift */; };
		A1B2C3D4E5F6789012345688 /* ProfileView.swift in Sources */ = {isa = PBXBuildFile; fileRef = B2C3D4E5F6789012345678B1 /* ProfileView.swift */; };
		A1B2C3D4E5F6789012345689 /* LeaderboardView.swift in Sources */ = {isa = PBXBuildFile; fileRef = B2C3D4E5F6789012345678B2 /* LeaderboardView.swift */; };
		A1B2C3D4E5F678901234568A /* LeaderboardUser.swift in Sources */ = {isa = PBXBuildFile; fileRef = B2C3D4E5F6789012345678B3 /* LeaderboardUser.swift */; };
		A1B2C3D4E5F678901234568B /* FirestoreService.swift in Sources */ = {isa = PBXBuildFile; fileRef = B2C3D4E5F6789012345678B4 /* FirestoreService.swift */; };
		A1B2C3D4E5F678901234568C /* FirebaseAuthService.swift in Sources */ = {isa = PBXBuildFile; fileRef = B2C3D4E5F6789012345678B5 /* FirebaseAuthService.swift */; };
		A1B2C3D4E5F678901234568D /* TextToSpeechService.swift in Sources */ = {isa = PBXBuildFile; fileRef = B2C3D4E5F6789012345678B6 /* TextToSpeechService.swift */; };
		A1B2C3D4E5F678901234568E /* SoundEffectService.swift in Sources */ = {isa = PBXBuildFile; fileRef = B2C3D4E5F6789012345678B7 /* SoundEffectService.swift */; };
		A1B2C3D4E5F678901234568F /* ConfettiView.swift in Sources */ = {isa = PBXBuildFile; fileRef = B2C3D4E5F6789012345678B8 /* ConfettiView.swift */; };
		A1B2C3D4E5F6789012345690 /* ParentGateView.swift in Sources */ = {isa = PBXBuildFile; fileRef = B2C3D4E5F6789012345678B9 /* ParentGateView.swift */; };
		A1B2C3D4E5F6789012345691 /* PrivacyPolicyView.swift in Sources */ = {isa = PBXBuildFile; fileRef = B2C3D4E5F6789012345678BA /* PrivacyPolicyView.swift */; };
		A1B2C3D4E5F6789012345692 /* TermsOfServiceView.swift in Sources */ = {isa = PBXBuildFile; fileRef = B2C3D4E5F6789012345678BB /* TermsOfServiceView.swift */; };
		A1B2C3D4E5F6789012345693 /* Mascot.swift in Sources */ = {isa = PBXBuildFile; fileRef = B2C3D4E5F6789012345678BC /* Mascot.swift */; };
		A1B2C3D4E5F6789012345694 /* MascotView.swift in Sources */ = {isa = PBXBuildFile; fileRef = B2C3D4E5F6789012345678BD /* MascotView.swift */; };
		A1B2C3D4E5F6789012345695 /* OnboardingView.swift in Sources */ = {isa = PBXBuildFile; fileRef = B2C3D4E5F6789012345678BE /* OnboardingView.swift */; };
		A1B2C3D4E5F6789012345696 /* Achievement.swift in Sources */ = {isa = PBXBuildFile; fileRef = B2C3D4E5F6789012345678BF /* Achievement.swift */; };
		A1B2C3D4E5F6789012345697 /* AchievementsView.swift in Sources */ = {isa = PBXBuildFile; fileRef = B2C3D4E5F6789012345678C0 /* AchievementsView.swift */; };
		A1B2C3D4E5F6789012345698 /* LocalizationManager.swift in Sources */ = {isa = PBXBuildFile; fileRef = B2C3D4E5F6789012345678C1 /* LocalizationManager.swift */; };
		A1B2C3D4E5F6789012345699 /* SettingsView.swift in Sources */ = {isa = PBXBuildFile; fileRef = B2C3D4E5F6789012345678C2 /* SettingsView.swift */; };
/* End PBXBuildFile section */

/* Begin PBXFileReference section */
		455F5B983E33FDC1B930A972 /* Pods-EnglishLearningApp.debug.xcconfig */ = {isa = PBXFileReference; includeInIndex = 1; lastKnownFileType = text.xcconfig; name = "Pods-EnglishLearningApp.debug.xcconfig"; path = "Target Support Files/Pods-EnglishLearningApp/Pods-EnglishLearningApp.debug.xcconfig"; sourceTree = "<group>"; };
		54A694A4968A47EAEE9C40AA /* Pods-EnglishLearningApp.release.xcconfig */ = {isa = PBXFileReference; includeInIndex = 1; lastKnownFileType = text.xcconfig; name = "Pods-EnglishLearningApp.release.xcconfig"; path = "Target Support Files/Pods-EnglishLearningApp/Pods-EnglishLearningApp.release.xcconfig"; sourceTree = "<group>"; };
		775B5D85A8A27F1AEFEF11F9 /* Pods_EnglishLearningApp.framework */ = {isa = PBXFileReference; explicitFileType = wrapper.framework; includeInIndex = 0; path = Pods_EnglishLearningApp.framework; sourceTree = BUILT_PRODUCTS_DIR; };
		B2C3D4E5F6789012345678A1 /* EnglishLearningAppApp.swift */ = {isa = PBXFileReference; lastKnownFileType = sourcecode.swift; path = EnglishLearningAppApp.swift; sourceTree = "<group>"; };
		B2C3D4E5F6789012345678A2 /* ContentView.swift */ = {isa = PBXFileReference; lastKnownFileType = sourcecode.swift; path = ContentView.swift; sourceTree = "<group>"; };
		B2C3D4E5F6789012345678A3 /* User.swift */ = {isa = PBXFileReference; lastKnownFileType = sourcecode.swift; path = User.swift; sourceTree = "<group>"; };
		B2C3D4E5F6789012345678A4 /* Lesson.swift */ = {isa = PBXFileReference; lastKnownFileType = sourcecode.swift; path = Lesson.swift; sourceTree = "<group>"; };
		B2C3D4E5F6789012345678A5 /* Subscription.swift */ = {isa = PBXFileReference; lastKnownFileType = sourcecode.swift; path = Subscription.swift; sourceTree = "<group>"; };
		B2C3D4E5F6789012345678A6 /* AuthViewModel.swift */ = {isa = PBXFileReference; lastKnownFileType = sourcecode.swift; path = AuthViewModel.swift; sourceTree = "<group>"; };
		B2C3D4E5F6789012345678A7 /* UserProgressManager.swift */ = {isa = PBXFileReference; lastKnownFileType = sourcecode.swift; path = UserProgressManager.swift; sourceTree = "<group>"; };
		B2C3D4E5F6789012345678A8 /* SubscriptionManager.swift */ = {isa = PBXFileReference; lastKnownFileType = sourcecode.swift; path = SubscriptionManager.swift; sourceTree = "<group>"; };
		B2C3D4E5F6789012345678A9 /* LessonDataService.swift */ = {isa = PBXFileReference; lastKnownFileType = sourcecode.swift; path = LessonDataService.swift; sourceTree = "<group>"; };
		B2C3D4E5F6789012345678AA /* WelcomeView.swift */ = {isa = PBXFileReference; lastKnownFileType = sourcecode.swift; path = WelcomeView.swift; sourceTree = "<group>"; };
		B2C3D4E5F6789012345678AB /* LoginView.swift */ = {isa = PBXFileReference; lastKnownFileType = sourcecode.swift; path = LoginView.swift; sourceTree = "<group>"; };
		B2C3D4E5F6789012345678AC /* RegisterView.swift */ = {isa = PBXFileReference; lastKnownFileType = sourcecode.swift; path = RegisterView.swift; sourceTree = "<group>"; };
		B2C3D4E5F6789012345678AD /* MainTabView.swift */ = {isa = PBXFileReference; lastKnownFileType = sourcecode.swift; path = MainTabView.swift; sourceTree = "<group>"; };
		B2C3D4E5F6789012345678AE /* HomeView.swift */ = {isa = PBXFileReference; lastKnownFileType = sourcecode.swift; path = HomeView.swift; sourceTree = "<group>"; };
		B2C3D4E5F6789012345678AF /* LessonView.swift */ = {isa = PBXFileReference; lastKnownFileType = sourcecode.swift; path = LessonView.swift; sourceTree = "<group>"; };
		B2C3D4E5F6789012345678B0 /* PaywallView.swift */ = {isa = PBXFileReference; lastKnownFileType = sourcecode.swift; path = PaywallView.swift; sourceTree = "<group>"; };
		B2C3D4E5F6789012345678B1 /* ProfileView.swift */ = {isa = PBXFileReference; lastKnownFileType = sourcecode.swift; path = ProfileView.swift; sourceTree = "<group>"; };
		B2C3D4E5F6789012345678B2 /* LeaderboardView.swift */ = {isa = PBXFileReference; lastKnownFileType = sourcecode.swift; path = LeaderboardView.swift; sourceTree = "<group>"; };
		B2C3D4E5F6789012345678B3 /* LeaderboardUser.swift */ = {isa = PBXFileReference; lastKnownFileType = sourcecode.swift; path = LeaderboardUser.swift; sourceTree = "<group>"; };
		B2C3D4E5F6789012345678B4 /* FirestoreService.swift */ = {isa = PBXFileReference; lastKnownFileType = sourcecode.swift; path = FirestoreService.swift; sourceTree = "<group>"; };
		B2C3D4E5F6789012345678B5 /* FirebaseAuthService.swift */ = {isa = PBXFileReference; lastKnownFileType = sourcecode.swift; path = FirebaseAuthService.swift; sourceTree = "<group>"; };
		B2C3D4E5F6789012345678B6 /* TextToSpeechService.swift */ = {isa = PBXFileReference; lastKnownFileType = sourcecode.swift; path = TextToSpeechService.swift; sourceTree = "<group>"; };
		B2C3D4E5F6789012345678B7 /* SoundEffectService.swift */ = {isa = PBXFileReference; lastKnownFileType = sourcecode.swift; path = SoundEffectService.swift; sourceTree = "<group>"; };
		B2C3D4E5F6789012345678B8 /* ConfettiView.swift */ = {isa = PBXFileReference; lastKnownFileType = sourcecode.swift; path = ConfettiView.swift; sourceTree = "<group>"; };
		B2C3D4E5F6789012345678B9 /* ParentGateView.swift */ = {isa = PBXFileReference; lastKnownFileType = sourcecode.swift; path = ParentGateView.swift; sourceTree = "<group>"; };
		B2C3D4E5F6789012345678BA /* PrivacyPolicyView.swift */ = {isa = PBXFileReference; lastKnownFileType = sourcecode.swift; path = PrivacyPolicyView.swift; sourceTree = "<group>"; };
		B2C3D4E5F6789012345678BB /* TermsOfServiceView.swift */ = {isa = PBXFileReference; lastKnownFileType = sourcecode.swift; path = TermsOfServiceView.swift; sourceTree = "<group>"; };
		B2C3D4E5F6789012345678BC /* Mascot.swift */ = {isa = PBXFileReference; lastKnownFileType = sourcecode.swift; path = Mascot.swift; sourceTree = "<group>"; };
		B2C3D4E5F6789012345678BD /* MascotView.swift */ = {isa = PBXFileReference; lastKnownFileType = sourcecode.swift; path = MascotView.swift; sourceTree = "<group>"; };
		B2C3D4E5F6789012345678BE /* OnboardingView.swift */ = {isa = PBXFileReference; lastKnownFileType = sourcecode.swift; path = OnboardingView.swift; sourceTree = "<group>"; };
		B2C3D4E5F6789012345678BF /* Achievement.swift */ = {isa = PBXFileReference; lastKnownFileType = sourcecode.swift; path = Achievement.swift; sourceTree = "<group>"; };
		B2C3D4E5F6789012345678C0 /* AchievementsView.swift */ = {isa = PBXFileReference; lastKnownFileType = sourcecode.swift; path = AchievementsView.swift; sourceTree = "<group>"; };
		B2C3D4E5F6789012345678C1 /* LocalizationManager.swift */ = {isa = PBXFileReference; lastKnownFileType = sourcecode.swift; path = LocalizationManager.swift; sourceTree = "<group>"; };
		B2C3D4E5F6789012345678C2 /* SettingsView.swift */ = {isa = PBXFileReference; lastKnownFileType = sourcecode.swift; path = SettingsView.swift; sourceTree = "<group>"; };
		C1D2E3F4A5B6789012345678 /* EnglishLearningApp.app */ = {isa = PBXFileReference; explicitFileType = wrapper.application; includeInIndex = 0; path = EnglishLearningApp.app; sourceTree = BUILT_PRODUCTS_DIR; };
		D1E2F3A4B5C6789012345678 /* Info.plist */ = {isa = PBXFileReference; lastKnownFileType = text.plist.xml; path = Info.plist; sourceTree = "<group>"; };
/* End PBXFileReference section */

/* Begin PBXFrameworksBuildPhase section */
		E1F2A3B4C5D6789012345678 /* Frameworks */ = {
			isa = PBXFrameworksBuildPhase;
			buildActionMask = 2147483647;
			files = (
				0631991FF177882C625A7FF3 /* Pods_EnglishLearningApp.framework in Frameworks */,
			);
			runOnlyForDeploymentPostprocessing = 0;
		};
/* End PBXFrameworksBuildPhase section */

/* Begin PBXGroup section */
		A2B3C4D5E6F789012345678A /* EnglishLearningApp */ = {
			isa = PBXGroup;
			children = (
				B2C3D4E5F6789012345678A1 /* EnglishLearningAppApp.swift */,
				B2C3D4E5F6789012345678A2 /* ContentView.swift */,
				C3D4E5F6A789012345678BC /* Models */,
				D4E5F6A7B89012345678CD /* Views */,
				E5F6A7B8C9012345678DE /* ViewModels */,
				F6A7B8C9D012345678EF /* Services */,
				D1E2F3A4B5C6789012345678 /* Info.plist */,
			);
			path = EnglishLearningApp;
			sourceTree = "<group>";
		};
		A7C17017697B3450A5773AEE /* Frameworks */ = {
			isa = PBXGroup;
			children = (
				775B5D85A8A27F1AEFEF11F9 /* Pods_EnglishLearningApp.framework */,
			);
			name = Frameworks;
			sourceTree = "<group>";
		};
		B3C4D5E6F789012345678AB /* Products */ = {
			isa = PBXGroup;
			children = (
				C1D2E3F4A5B6789012345678 /* EnglishLearningApp.app */,
			);
			name = Products;
			sourceTree = "<group>";
		};
		C3D4E5F6A789012345678BC /* Models */ = {
			isa = PBXGroup;
			children = (
				B2C3D4E5F6789012345678A3 /* User.swift */,
				B2C3D4E5F6789012345678A4 /* Lesson.swift */,
				B2C3D4E5F6789012345678A5 /* Subscription.swift */,
				B2C3D4E5F6789012345678B3 /* LeaderboardUser.swift */,
				B2C3D4E5F6789012345678BC /* Mascot.swift */,
				B2C3D4E5F6789012345678BF /* Achievement.swift */,
			);
			path = Models;
			sourceTree = "<group>";
		};
		D4E5F6A7B89012345678CD /* Views */ = {
			isa = PBXGroup;
			children = (
				B2C3D4E5F6789012345678AA /* WelcomeView.swift */,
				B2C3D4E5F6789012345678AB /* LoginView.swift */,
				B2C3D4E5F6789012345678AC /* RegisterView.swift */,
				B2C3D4E5F6789012345678AD /* MainTabView.swift */,
				B2C3D4E5F6789012345678AE /* HomeView.swift */,
				B2C3D4E5F6789012345678AF /* LessonView.swift */,
				B2C3D4E5F6789012345678B0 /* PaywallView.swift */,
				B2C3D4E5F6789012345678B1 /* ProfileView.swift */,
				B2C3D4E5F6789012345678B2 /* LeaderboardView.swift */,
				B2C3D4E5F6789012345678B8 /* ConfettiView.swift */,
				B2C3D4E5F6789012345678B9 /* ParentGateView.swift */,
				B2C3D4E5F6789012345678BA /* PrivacyPolicyView.swift */,
				B2C3D4E5F6789012345678BB /* TermsOfServiceView.swift */,
				B2C3D4E5F6789012345678BD /* MascotView.swift */,
				B2C3D4E5F6789012345678BE /* OnboardingView.swift */,
				B2C3D4E5F6789012345678C0 /* AchievementsView.swift */,
				B2C3D4E5F6789012345678C2 /* SettingsView.swift */,
			);
			path = Views;
			sourceTree = "<group>";
		};
		E5F6A7B8C9012345678DE /* ViewModels */ = {
			isa = PBXGroup;
			children = (
				B2C3D4E5F6789012345678A6 /* AuthViewModel.swift */,
				B2C3D4E5F6789012345678A7 /* UserProgressManager.swift */,
			);
			path = ViewModels;
			sourceTree = "<group>";
		};
		F1A2B3C4D5E6789012345678 = {
			isa = PBXGroup;
			children = (
				A2B3C4D5E6F789012345678A /* EnglishLearningApp */,
				B3C4D5E6F789012345678AB /* Products */,
				F8788805FED5AEA67175F7A3 /* Pods */,
				A7C17017697B3450A5773AEE /* Frameworks */,
			);
			sourceTree = "<group>";
		};
		F6A7B8C9D012345678EF /* Services */ = {
			isa = PBXGroup;
			children = (
				B2C3D4E5F6789012345678A8 /* SubscriptionManager.swift */,
				B2C3D4E5F6789012345678A9 /* LessonDataService.swift */,
				B2C3D4E5F6789012345678B4 /* FirestoreService.swift */,
				B2C3D4E5F6789012345678B5 /* FirebaseAuthService.swift */,
				B2C3D4E5F6789012345678B6 /* TextToSpeechService.swift */,
				B2C3D4E5F6789012345678B7 /* SoundEffectService.swift */,
				B2C3D4E5F6789012345678C1 /* LocalizationManager.swift */,
			);
			path = Services;
			sourceTree = "<group>";
		};
		F8788805FED5AEA67175F7A3 /* Pods */ = {
			isa = PBXGroup;
			children = (
				455F5B983E33FDC1B930A972 /* Pods-EnglishLearningApp.debug.xcconfig */,
				54A694A4968A47EAEE9C40AA /* Pods-EnglishLearningApp.release.xcconfig */,
			);
			path = Pods;
			sourceTree = "<group>";
		};
/* End PBXGroup section */

/* Begin PBXNativeTarget section */
		A1B2C3D4E5F6789012345677 /* EnglishLearningApp */ = {
			isa = PBXNativeTarget;
			buildConfigurationList = A3B4C5D6E7F8901234567890 /* Build configuration list for PBXNativeTarget "EnglishLearningApp" */;
			buildPhases = (
				2C6574CFBFA6349903960E1C /* [CP] Check Pods Manifest.lock */,
				B1C2D3E4F5A6789012345678 /* Sources */,
				E1F2A3B4C5D6789012345678 /* Frameworks */,
				C2D3E4F5A6B7890123456789 /* Resources */,
				A2B135C39E184511B876F874 /* [CP] Embed Pods Frameworks */,
			);
			buildRules = (
			);
			dependencies = (
			);
			name = EnglishLearningApp;
			productName = EnglishLearningApp;
			productReference = C1D2E3F4A5B6789012345678 /* EnglishLearningApp.app */;
			productType = "com.apple.product-type.application";
		};
/* End PBXNativeTarget section */

/* Begin PBXProject section */
		F1A2B3C4D5E6789012345679 /* Project object */ = {
			isa = PBXProject;
			attributes = {
				BuildIndependentTargetsInParallel = 1;
				LastSwiftUpdateCheck = 1500;
				LastUpgradeCheck = 1500;
				TargetAttributes = {
					A1B2C3D4E5F6789012345677 = {
						CreatedOnToolsVersion = 15.0;
					};
				};
			};
			buildConfigurationList = B4C5D6E7F8A9012345678901 /* Build configuration list for PBXProject "EnglishLearningApp" */;
			compatibilityVersion = "Xcode 14.0";
			developmentRegion = en;
			hasScannedForEncodings = 0;
			knownRegions = (
				en,
				Base,
			);
			mainGroup = F1A2B3C4D5E6789012345678;
			productRefGroup = B3C4D5E6F789012345678AB /* Products */;
			projectDirPath = "";
			projectRoot = "";
			targets = (
				A1B2C3D4E5F6789012345677 /* EnglishLearningApp */,
			);
		};
/* End PBXProject section */

/* Begin PBXResourcesBuildPhase section */
		C2D3E4F5A6B7890123456789 /* Resources */ = {
			isa = PBXResourcesBuildPhase;
			buildActionMask = 2147483647;
			files = (
			);
			runOnlyForDeploymentPostprocessing = 0;
		};
/* End PBXResourcesBuildPhase section */

/* Begin PBXShellScriptBuildPhase section */
		2C6574CFBFA6349903960E1C /* [CP] Check Pods Manifest.lock */ = {
			isa = PBXShellScriptBuildPhase;
			buildActionMask = 2147483647;
			files = (
			);
			inputFileListPaths = (
			);
			inputPaths = (
				"${PODS_PODFILE_DIR_PATH}/Podfile.lock",
				"${PODS_ROOT}/Manifest.lock",
			);
			name = "[CP] Check Pods Manifest.lock";
			outputFileListPaths = (
			);
			outputPaths = (
				"$(DERIVED_FILE_DIR)/Pods-EnglishLearningApp-checkManifestLockResult.txt",
			);
			runOnlyForDeploymentPostprocessing = 0;
			shellPath = /bin/sh;
			shellScript = "diff \"${PODS_PODFILE_DIR_PATH}/Podfile.lock\" \"${PODS_ROOT}/Manifest.lock\" > /dev/null\nif [ $? != 0 ] ; then\n    # print error to STDERR\n    echo \"error: The sandbox is not in sync with the Podfile.lock. Run 'pod install' or update your CocoaPods installation.\" >&2\n    exit 1\nfi\n# This output is used by Xcode 'outputs' to avoid re-running this script phase.\necho \"SUCCESS\" > \"${SCRIPT_OUTPUT_FILE_0}\"\n";
			showEnvVarsInLog = 0;
		};
		A2B135C39E184511B876F874 /* [CP] Embed Pods Frameworks */ = {
			isa = PBXShellScriptBuildPhase;
			buildActionMask = 2147483647;
			files = (
			);
			inputFileListPaths = (
				"${PODS_ROOT}/Target Support Files/Pods-EnglishLearningApp/Pods-EnglishLearningApp-frameworks-${CONFIGURATION}-input-files.xcfilelist",
			);
			inputPaths = (
			);
			name = "[CP] Embed Pods Frameworks";
			outputFileListPaths = (
				"${PODS_ROOT}/Target Support Files/Pods-EnglishLearningApp/Pods-EnglishLearningApp-frameworks-${CONFIGURATION}-output-files.xcfilelist",
			);
			outputPaths = (
			);
			runOnlyForDeploymentPostprocessing = 0;
			shellPath = /bin/sh;
			shellScript = "\"${PODS_ROOT}/Target Support Files/Pods-EnglishLearningApp/Pods-EnglishLearningApp-frameworks.sh\"\n";
			showEnvVarsInLog = 0;
		};
/* End PBXShellScriptBuildPhase section */

/* Begin PBXSourcesBuildPhase section */
		B1C2D3E4F5A6789012345678 /* Sources */ = {
			isa = PBXSourcesBuildPhase;
			buildActionMask = 2147483647;
			files = (
				A1B2C3D4E5F6789012345678 /* EnglishLearningAppApp.swift in Sources */,
				A1B2C3D4E5F6789012345679 /* ContentView.swift in Sources */,
				A1B2C3D4E5F678901234567A /* User.swift in Sources */,
				A1B2C3D4E5F678901234567B /* Lesson.swift in Sources */,
				A1B2C3D4E5F678901234567C /* Subscription.swift in Sources */,
				A1B2C3D4E5F678901234567D /* AuthViewModel.swift in Sources */,
				A1B2C3D4E5F678901234567E /* UserProgressManager.swift in Sources */,
				A1B2C3D4E5F678901234567F /* SubscriptionManager.swift in Sources */,
				A1B2C3D4E5F6789012345680 /* LessonDataService.swift in Sources */,
				A1B2C3D4E5F6789012345681 /* WelcomeView.swift in Sources */,
				A1B2C3D4E5F6789012345682 /* LoginView.swift in Sources */,
				A1B2C3D4E5F6789012345683 /* RegisterView.swift in Sources */,
				A1B2C3D4E5F6789012345684 /* MainTabView.swift in Sources */,
				A1B2C3D4E5F6789012345685 /* HomeView.swift in Sources */,
				A1B2C3D4E5F6789012345686 /* LessonView.swift in Sources */,
				A1B2C3D4E5F6789012345687 /* PaywallView.swift in Sources */,
				A1B2C3D4E5F6789012345688 /* ProfileView.swift in Sources */,
				A1B2C3D4E5F6789012345689 /* LeaderboardView.swift in Sources */,
				A1B2C3D4E5F678901234568A /* LeaderboardUser.swift in Sources */,
				A1B2C3D4E5F678901234568B /* FirestoreService.swift in Sources */,
				A1B2C3D4E5F678901234568C /* FirebaseAuthService.swift in Sources */,
				A1B2C3D4E5F678901234568D /* TextToSpeechService.swift in Sources */,
				A1B2C3D4E5F678901234568E /* SoundEffectService.swift in Sources */,
				A1B2C3D4E5F678901234568F /* ConfettiView.swift in Sources */,
				A1B2C3D4E5F6789012345690 /* ParentGateView.swift in Sources */,
				A1B2C3D4E5F6789012345691 /* PrivacyPolicyView.swift in Sources */,
				A1B2C3D4E5F6789012345692 /* TermsOfServiceView.swift in Sources */,
				A1B2C3D4E5F6789012345693 /* Mascot.swift in Sources */,
				A1B2C3D4E5F6789012345694 /* MascotView.swift in Sources */,
				A1B2C3D4E5F6789012345695 /* OnboardingView.swift in Sources */,
				A1B2C3D4E5F6789012345696 /* Achievement.swift in Sources */,
				A1B2C3D4E5F6789012345697 /* AchievementsView.swift in Sources */,
				A1B2C3D4E5F6789012345698 /* LocalizationManager.swift in Sources */,
				A1B2C3D4E5F6789012345699 /* SettingsView.swift in Sources */,
			);
			runOnlyForDeploymentPostprocessing = 0;
		};
/* End PBXSourcesBuildPhase section */

/* Begin XCBuildConfiguration section */
		A8B9C0D1E2F34567890DEF0 /* Release */ = {
			isa = XCBuildConfiguration;
			baseConfigurationReference = 54A694A4968A47EAEE9C40AA /* Pods-EnglishLearningApp.release.xcconfig */;
			buildSettings = {
				ASSETCATALOG_COMPILER_APPICON_NAME = AppIcon;
				ASSETCATALOG_COMPILER_GLOBAL_ACCENT_COLOR_NAME = AccentColor;
				CODE_SIGN_STYLE = Automatic;
				CURRENT_PROJECT_VERSION = 1;
				DEVELOPMENT_ASSET_PATHS = "";
				DEVELOPMENT_TEAM = 2GCJLDKK4W;
				ENABLE_PREVIEWS = YES;
				GENERATE_INFOPLIST_FILE = YES;
				INFOPLIST_FILE = EnglishLearningApp/Info.plist;
				INFOPLIST_KEY_UIApplicationSceneManifest_Generation = YES;
				INFOPLIST_KEY_UIApplicationSupportsIndirectInputEvents = YES;
				INFOPLIST_KEY_UILaunchScreen_Generation = YES;
				INFOPLIST_KEY_UISupportedInterfaceOrientations = UIInterfaceOrientationPortrait;
				INFOPLIST_KEY_UISupportedInterfaceOrientations_iPad = "UIInterfaceOrientationLandscapeLeft UIInterfaceOrientationLandscapeRight UIInterfaceOrientationPortrait UIInterfaceOrientationPortraitUpsideDown";
				LD_RUNPATH_SEARCH_PATHS = (
					"$(inherited)",
					"@executable_path/Frameworks",
				);
				MARKETING_VERSION = 1.0;
				PRODUCT_BUNDLE_IDENTIFIER = com.hoai.englishapp2026;
				PRODUCT_NAME = "$(TARGET_NAME)";
				SWIFT_EMIT_LOC_STRINGS = YES;
				SWIFT_VERSION = 5.0;
				TARGETED_DEVICE_FAMILY = "1,2";
			};
			name = Release;
		};
		D5E6F7A8B9C0123456789ABC /* Debug */ = {
			isa = XCBuildConfiguration;
			buildSettings = {
				ALWAYS_SEARCH_USER_PATHS = NO;
				ASSETCATALOG_COMPILER_GENERATE_SWIFT_ASSET_SYMBOL_EXTENSIONS = YES;
				CLANG_ANALYZER_NONNULL = YES;
				CLANG_ANALYZER_NUMBER_OBJECT_CONVERSION = YES_AGGRESSIVE;
				CLANG_CXX_LANGUAGE_STANDARD = "gnu++20";
				CLANG_ENABLE_MODULES = YES;
				CLANG_ENABLE_OBJC_ARC = YES;
				CLANG_ENABLE_OBJC_WEAK = YES;
				CLANG_WARN_BLOCK_CAPTURE_AUTORELEASING = YES;
				CLANG_WARN_BOOL_CONVERSION = YES;
				CLANG_WARN_COMMA = YES;
				CLANG_WARN_CONSTANT_CONVERSION = YES;
				CLANG_WARN_DEPRECATED_OBJC_IMPLEMENTATIONS = YES;
				CLANG_WARN_DIRECT_OBJC_ISA_USAGE = YES_ERROR;
				CLANG_WARN_DOCUMENTATION_COMMENTS = YES;
				CLANG_WARN_EMPTY_BODY = YES;
				CLANG_WARN_ENUM_CONVERSION = YES;
				CLANG_WARN_INFINITE_RECURSION = YES;
				CLANG_WARN_INT_CONVERSION = YES;
				CLANG_WARN_NON_LITERAL_NULL_CONVERSION = YES;
				CLANG_WARN_OBJC_IMPLICIT_RETAIN_SELF = YES;
				CLANG_WARN_OBJC_LITERAL_CONVERSION = YES;
				CLANG_WARN_OBJC_ROOT_CLASS = YES_ERROR;
				CLANG_WARN_QUOTED_INCLUDE_IN_FRAMEWORK_HEADER = YES;
				CLANG_WARN_RANGE_LOOP_ANALYSIS = YES;
				CLANG_WARN_STRICT_PROTOTYPES = YES;
				CLANG_WARN_SUSPICIOUS_MOVE = YES;
				CLANG_WARN_UNGUARDED_AVAILABILITY = YES_AGGRESSIVE;
				CLANG_WARN_UNREACHABLE_CODE = YES;
				CLANG_WARN__DUPLICATE_METHOD_MATCH = YES;
				COPY_PHASE_STRIP = NO;
				DEBUG_INFORMATION_FORMAT = dwarf;
				ENABLE_STRICT_OBJC_MSGSEND = YES;
				ENABLE_TESTABILITY = YES;
				ENABLE_USER_SCRIPT_SANDBOXING = NO;
				GCC_C_LANGUAGE_STANDARD = gnu17;
				GCC_DYNAMIC_NO_PIC = NO;
				GCC_NO_COMMON_BLOCKS = YES;
				GCC_OPTIMIZATION_LEVEL = 0;
				GCC_PREPROCESSOR_DEFINITIONS = (
					"DEBUG=1",
					"$(inherited)",
				);
				GCC_WARN_64_TO_32_BIT_CONVERSION = YES;
				GCC_WARN_ABOUT_RETURN_TYPE = YES_ERROR;
				GCC_WARN_UNDECLARED_SELECTOR = YES;
				GCC_WARN_UNINITIALIZED_AUTOS = YES_AGGRESSIVE;
				GCC_WARN_UNUSED_FUNCTION = YES;
				GCC_WARN_UNUSED_VARIABLE = YES;
				IPHONEOS_DEPLOYMENT_TARGET = 15.0;
				LOCALIZATION_PREFERS_STRING_CATALOGS = YES;
				MTL_ENABLE_DEBUG_INFO = INCLUDE_SOURCE;
				MTL_FAST_MATH = YES;
				ONLY_ACTIVE_ARCH = YES;
				SDKROOT = iphoneos;
				SWIFT_ACTIVE_COMPILATION_CONDITIONS = "DEBUG $(inherited)";
				SWIFT_OPTIMIZATION_LEVEL = "-Onone";
			};
			name = Debug;
		};
		E6F7A8B9C0D1234567890BCD /* Release */ = {
			isa = XCBuildConfiguration;
			buildSettings = {
				ALWAYS_SEARCH_USER_PATHS = NO;
				ASSETCATALOG_COMPILER_GENERATE_SWIFT_ASSET_SYMBOL_EXTENSIONS = YES;
				CLANG_ANALYZER_NONNULL = YES;
				CLANG_ANALYZER_NUMBER_OBJECT_CONVERSION = YES_AGGRESSIVE;
				CLANG_CXX_LANGUAGE_STANDARD = "gnu++20";
				CLANG_ENABLE_MODULES = YES;
				CLANG_ENABLE_OBJC_ARC = YES;
				CLANG_ENABLE_OBJC_WEAK = YES;
				CLANG_WARN_BLOCK_CAPTURE_AUTORELEASING = YES;
				CLANG_WARN_BOOL_CONVERSION = YES;
				CLANG_WARN_COMMA = YES;
				CLANG_WARN_CONSTANT_CONVERSION = YES;
				CLANG_WARN_DEPRECATED_OBJC_IMPLEMENTATIONS = YES;
				CLANG_WARN_DIRECT_OBJC_ISA_USAGE = YES_ERROR;
				CLANG_WARN_DOCUMENTATION_COMMENTS = YES;
				CLANG_WARN_EMPTY_BODY = YES;
				CLANG_WARN_ENUM_CONVERSION = YES;
				CLANG_WARN_INFINITE_RECURSION = YES;
				CLANG_WARN_INT_CONVERSION = YES;
				CLANG_WARN_NON_LITERAL_NULL_CONVERSION = YES;
				CLANG_WARN_OBJC_IMPLICIT_RETAIN_SELF = YES;
				CLANG_WARN_OBJC_LITERAL_CONVERSION = YES;
				CLANG_WARN_OBJC_ROOT_CLASS = YES_ERROR;
				CLANG_WARN_QUOTED_INCLUDE_IN_FRAMEWORK_HEADER = YES;
				CLANG_WARN_RANGE_LOOP_ANALYSIS = YES;
				CLANG_WARN_STRICT_PROTOTYPES = YES;
				CLANG_WARN_SUSPICIOUS_MOVE = YES;
				CLANG_WARN_UNGUARDED_AVAILABILITY = YES_AGGRESSIVE;
				CLANG_WARN_UNREACHABLE_CODE = YES;
				CLANG_WARN__DUPLICATE_METHOD_MATCH = YES;
				COPY_PHASE_STRIP = NO;
				DEBUG_INFORMATION_FORMAT = "dwarf-with-dsym";
				ENABLE_NS_ASSERTIONS = NO;
				ENABLE_STRICT_OBJC_MSGSEND = YES;
				ENABLE_USER_SCRIPT_SANDBOXING = NO;
				GCC_C_LANGUAGE_STANDARD = gnu17;
				GCC_NO_COMMON_BLOCKS = YES;
				GCC_WARN_64_TO_32_BIT_CONVERSION = YES;
				GCC_WARN_ABOUT_RETURN_TYPE = YES_ERROR;
				GCC_WARN_UNDECLARED_SELECTOR = YES;
				GCC_WARN_UNINITIALIZED_AUTOS = YES_AGGRESSIVE;
				GCC_WARN_UNUSED_FUNCTION = YES;
				GCC_WARN_UNUSED_VARIABLE = YES;
				IPHONEOS_DEPLOYMENT_TARGET = 15.0;
				LOCALIZATION_PREFERS_STRING_CATALOGS = YES;
				MTL_ENABLE_DEBUG_INFO = NO;
				MTL_FAST_MATH = YES;
				SDKROOT = iphoneos;
				SWIFT_COMPILATION_MODE = wholemodule;
				VALIDATE_PRODUCT = YES;
			};
			name = Release;
		};
		F7A8B9C0D1E234567890CDE /* Debug */ = {
			isa = XCBuildConfiguration;
			baseConfigurationReference = 455F5B983E33FDC1B930A972 /* Pods-EnglishLearningApp.debug.xcconfig */;
			buildSettings = {
				ASSETCATALOG_COMPILER_APPICON_NAME = AppIcon;
				ASSETCATALOG_COMPILER_GLOBAL_ACCENT_COLOR_NAME = AccentColor;
				CODE_SIGN_STYLE = Automatic;
				CURRENT_PROJECT_VERSION = 1;
				DEVELOPMENT_ASSET_PATHS = "";
				DEVELOPMENT_TEAM = 2GCJLDKK4W;
				ENABLE_PREVIEWS = YES;
				GENERATE_INFOPLIST_FILE = YES;
				INFOPLIST_FILE = EnglishLearningApp/Info.plist;
				INFOPLIST_KEY_UIApplicationSceneManifest_Generation = YES;
				INFOPLIST_KEY_UIApplicationSupportsIndirectInputEvents = YES;
				INFOPLIST_KEY_UILaunchScreen_Generation = YES;
				INFOPLIST_KEY_UISupportedInterfaceOrientations = UIInterfaceOrientationPortrait;
				INFOPLIST_KEY_UISupportedInterfaceOrientations_iPad = "UIInterfaceOrientationLandscapeLeft UIInterfaceOrientationLandscapeRight UIInterfaceOrientationPortrait UIInterfaceOrientationPortraitUpsideDown";
				LD_RUNPATH_SEARCH_PATHS = (
					"$(inherited)",
					"@executable_path/Frameworks",
				);
				MARKETING_VERSION = 1.0;
				PRODUCT_BUNDLE_IDENTIFIER = com.hoai.englishapp2026;
				PRODUCT_NAME = "$(TARGET_NAME)";
				SWIFT_EMIT_LOC_STRINGS = YES;
				SWIFT_VERSION = 5.0;
				TARGETED_DEVICE_FAMILY = "1,2";
			};
			name = Debug;
		};
/* End XCBuildConfiguration section */

/* Begin XCConfigurationList section */
		A3B4C5D6E7F8901234567890 /* Build configuration list for PBXNativeTarget "EnglishLearningApp" */ = {
			isa = XCConfigurationList;
			buildConfigurations = (
				F7A8B9C0D1E234567890CDE /* Debug */,
				A8B9C0D1E2F34567890DEF0 /* Release */,
			);
			defaultConfigurationIsVisible = 0;
			defaultConfigurationName = Release;
		};
		B4C5D6E7F8A9012345678901 /* Build configuration list for PBXProject "EnglishLearningApp" */ = {
			isa = XCConfigurationList;
			buildConfigurations = (
				D5E6F7A8B9C0123456789ABC /* Debug */,
				E6F7A8B9C0D1234567890BCD /* Release */,
			);
			defaultConfigurationIsVisible = 0;
			defaultConfigurationName = Release;
		};
/* End XCConfigurationList section */
	};
	rootObject = F1A2B3C4D5E6789012345679 /* Project object */;
}
